
Microsoft Visual Studio Solution File, Format Version 12.00
# Visual Studio Version 17
VisualStudioVersion = 17.5.33516.290
MinimumVisualStudioVersion = 10.0.40219.1
Project("{FAE04EC0-301F-11D3-BF4B-00C04F79EFBC}") = "Aneta's Word Counting Console", "Aneta's Word Counting Console\Aneta's Word Counting Console.csproj", "{2CDCB896-1E49-43D9-9FF8-9050772E7F0C}"
EndProject
Global
	GlobalSection(SolutionConfigurationPlatforms) = preSolution
		Debug|Any CPU = Debug|Any CPU
		Release|Any CPU = Release|Any CPU
	EndGlobalSection
	GlobalSection(ProjectConfigurationPlatforms) = postSolution
		{2CDCB896-1E49-43D9-9FF8-9050772E7F0C}.Debug|Any CPU.ActiveCfg = Debug|Any CPU
		{2CDCB896-1E49-43D9-9FF8-9050772E7F0C}.Debug|Any CPU.Build.0 = Debug|Any CPU
		{2CDCB896-1E49-43D9-9FF8-9050772E7F0C}.Release|Any CPU.ActiveCfg = Release|Any CPU
		{2CDCB896-1E49-43D9-9FF8-9050772E7F0C}.Release|Any CPU.Build.0 = Release|Any CPU
	EndGlobalSection
	GlobalSection(SolutionProperties) = preSolution
		HideSolutionNode = FALSE
	EndGlobalSection
	GlobalSection(ExtensibilityGlobals) = postSolution
		SolutionGuid = {5376EB54-F2B9-4D60-9955-3E4FD760C23C}
	EndGlobalSection
EndGlobal
